
Microsoft Visual Studio Solution File, Format Version 12.00
# Visual Studio 15
VisualStudioVersion = 15.0.27703.2047
MinimumVisualStudioVersion = 10.0.40219.1
Project("{9A19103F-16F7-4668-BE54-9A1E7A4F7556}") = "InventoryManagementWebApi", "InventoryManagementWebApi\InventoryManagementWebApi.csproj", "{D00140E0-03CA-4AC6-A787-FA350DF414E2}"
EndProject
Project("{9A19103F-16F7-4668-BE54-9A1E7A4F7556}") = "InventoryPortal", "InventoryPortal\InventoryPortal.csproj", "{7E1CAEC3-3CB1-4169-91E3-9027FD5CEE03}"
EndProject
Global
	GlobalSection(SolutionConfigurationPlatforms) = preSolution
		Debug|Any CPU = Debug|Any CPU
		Release|Any CPU = Release|Any CPU
	EndGlobalSection
	GlobalSection(ProjectConfigurationPlatforms) = postSolution
		{D00140E0-03CA-4AC6-A787-FA350DF414E2}.Debug|Any CPU.ActiveCfg = Debug|Any CPU
		{D00140E0-03CA-4AC6-A787-FA350DF414E2}.Debug|Any CPU.Build.0 = Debug|Any CPU
		{D00140E0-03CA-4AC6-A787-FA350DF414E2}.Release|Any CPU.ActiveCfg = Release|Any CPU
		{D00140E0-03CA-4AC6-A787-FA350DF414E2}.Release|Any CPU.Build.0 = Release|Any CPU
		{7E1CAEC3-3CB1-4169-91E3-9027FD5CEE03}.Debug|Any CPU.ActiveCfg = Debug|Any CPU
		{7E1CAEC3-3CB1-4169-91E3-9027FD5CEE03}.Debug|Any CPU.Build.0 = Debug|Any CPU
		{7E1CAEC3-3CB1-4169-91E3-9027FD5CEE03}.Release|Any CPU.ActiveCfg = Release|Any CPU
		{7E1CAEC3-3CB1-4169-91E3-9027FD5CEE03}.Release|Any CPU.Build.0 = Release|Any CPU
	EndGlobalSection
	GlobalSection(SolutionProperties) = preSolution
		HideSolutionNode = FALSE
	EndGlobalSection
	GlobalSection(ExtensibilityGlobals) = postSolution
		SolutionGuid = {D5A7189F-3DBD-4DB2-93F2-65B69805606A}
	EndGlobalSection
EndGlobal
